
Microsoft Visual Studio Solution File, Format Version 12.00
# Visual Studio Version 17
VisualStudioVersion = 17.7.34024.191
MinimumVisualStudioVersion = 10.0.40219.1
Project("{9A19103F-16F7-4668-BE54-9A1E7A4F7556}") = "CommuterDestination.CS1", "CommuterDestination.CS1\CommuterDestination.CS1.csproj", "{65EEC638-C711-4022-B9B6-2D915BBF068A}"
EndProject
Project("{FAE04EC0-301F-11D3-BF4B-00C04F79EFBC}") = "CommuterDestination.Core", "CommuterDestination.Core\CommuterDestination.Core.csproj", "{90C63C25-88DC-4AA2-8927-7BFBD18ABB72}"
EndProject
Global
	GlobalSection(SolutionConfigurationPlatforms) = preSolution
		Debug|Any CPU = Debug|Any CPU
		Release|Any CPU = Release|Any CPU
	EndGlobalSection
	GlobalSection(ProjectConfigurationPlatforms) = postSolution
		{65EEC638-C711-4022-B9B6-2D915BBF068A}.Debug|Any CPU.ActiveCfg = Debug|Any CPU
		{65EEC638-C711-4022-B9B6-2D915BBF068A}.Debug|Any CPU.Build.0 = Debug|Any CPU
		{65EEC638-C711-4022-B9B6-2D915BBF068A}.Release|Any CPU.ActiveCfg = Release|Any CPU
		{65EEC638-C711-4022-B9B6-2D915BBF068A}.Release|Any CPU.Build.0 = Release|Any CPU
		{90C63C25-88DC-4AA2-8927-7BFBD18ABB72}.Debug|Any CPU.ActiveCfg = Debug|Any CPU
		{90C63C25-88DC-4AA2-8927-7BFBD18ABB72}.Debug|Any CPU.Build.0 = Debug|Any CPU
		{90C63C25-88DC-4AA2-8927-7BFBD18ABB72}.Release|Any CPU.ActiveCfg = Release|Any CPU
		{90C63C25-88DC-4AA2-8927-7BFBD18ABB72}.Release|Any CPU.Build.0 = Release|Any CPU
	EndGlobalSection
	GlobalSection(SolutionProperties) = preSolution
		HideSolutionNode = FALSE
	EndGlobalSection
	GlobalSection(ExtensibilityGlobals) = postSolution
		SolutionGuid = {164E537B-C709-404D-8338-80DE9146D3E0}
	EndGlobalSection
EndGlobal
